
Microsoft Visual Studio Solution File, Format Version 12.00
# Visual Studio 2013
VisualStudioVersion = 12.0.21005.1
MinimumVisualStudioVersion = 10.0.40219.1
Project("{FAE04EC0-301F-11D3-BF4B-00C04F79EFBC}") = "SportsStore.WebUI", "SportsStore.WebUI\SportsStore.WebUI.csproj", "{E5C613EB-047C-420C-A828-F26B266C3183}"
	ProjectSection(ProjectDependencies) = postProject
		{C69A54CD-C8BC-4BE7-8C84-BB48D3D94F36} = {C69A54CD-C8BC-4BE7-8C84-BB48D3D94F36}
	EndProjectSection
EndProject
Project("{FAE04EC0-301F-11D3-BF4B-00C04F79EFBC}") = "SportsStore.Domain", "SportsStore.Domain\SportsStore.Domain.csproj", "{C69A54CD-C8BC-4BE7-8C84-BB48D3D94F36}"
EndProject
Project("{FAE04EC0-301F-11D3-BF4B-00C04F79EFBC}") = "SportsStore.UnitTests", "SportsStore.UnitTests\SportsStore.UnitTests.csproj", "{BA23CA10-2464-4624-823C-C2204B584D30}"
	ProjectSection(ProjectDependencies) = postProject
		{C69A54CD-C8BC-4BE7-8C84-BB48D3D94F36} = {C69A54CD-C8BC-4BE7-8C84-BB48D3D94F36}
		{E5C613EB-047C-420C-A828-F26B266C3183} = {E5C613EB-047C-420C-A828-F26B266C3183}
	EndProjectSection
EndProject
Global
	GlobalSection(SolutionConfigurationPlatforms) = preSolution
		Debug|Any CPU = Debug|Any CPU
		Release|Any CPU = Release|Any CPU
	EndGlobalSection
	GlobalSection(ProjectConfigurationPlatforms) = postSolution
		{E5C613EB-047C-420C-A828-F26B266C3183}.Debug|Any CPU.ActiveCfg = Debug|Any CPU
		{E5C613EB-047C-420C-A828-F26B266C3183}.Debug|Any CPU.Build.0 = Debug|Any CPU
		{E5C613EB-047C-420C-A828-F26B266C3183}.Release|Any CPU.ActiveCfg = Release|Any CPU
		{E5C613EB-047C-420C-A828-F26B266C3183}.Release|Any CPU.Build.0 = Release|Any CPU
		{C69A54CD-C8BC-4BE7-8C84-BB48D3D94F36}.Debug|Any CPU.ActiveCfg = Debug|Any CPU
		{C69A54CD-C8BC-4BE7-8C84-BB48D3D94F36}.Debug|Any CPU.Build.0 = Debug|Any CPU
		{C69A54CD-C8BC-4BE7-8C84-BB48D3D94F36}.Release|Any CPU.ActiveCfg = Release|Any CPU
		{C69A54CD-C8BC-4BE7-8C84-BB48D3D94F36}.Release|Any CPU.Build.0 = Release|Any CPU
		{BA23CA10-2464-4624-823C-C2204B584D30}.Debug|Any CPU.ActiveCfg = Debug|Any CPU
		{BA23CA10-2464-4624-823C-C2204B584D30}.Debug|Any CPU.Build.0 = Debug|Any CPU
		{BA23CA10-2464-4624-823C-C2204B584D30}.Release|Any CPU.ActiveCfg = Release|Any CPU
		{BA23CA10-2464-4624-823C-C2204B584D30}.Release|Any CPU.Build.0 = Release|Any CPU
	EndGlobalSection
	GlobalSection(SolutionProperties) = preSolution
		HideSolutionNode = FALSE
	EndGlobalSection
EndGlobal
